
Microsoft Visual Studio Solution File, Format Version 12.00
# Visual Studio 2012
Project("{FAE04EC0-301F-11D3-BF4B-00C04F79EFBC}") = "XamTest.Droid", "Droid\XamTest.Droid.csproj", "{EEA11279-1DBA-4D0A-9A9F-0DE1FFA17DD1}"
EndProject
Project("{FAE04EC0-301F-11D3-BF4B-00C04F79EFBC}") = "XamTest.iOS", "iOS\XamTest.iOS.csproj", "{5D242514-1AFB-42C1-A250-86B6A8C1B570}"
EndProject
Project("{FAE04EC0-301F-11D3-BF4B-00C04F79EFBC}") = "XamTest", "XamTest\XamTest.csproj", "{76D1F69D-AA2A-41E2-AEBC-9F16670EB8E7}"
EndProject
Global
	GlobalSection(SolutionConfigurationPlatforms) = preSolution
		Debug|Any CPU = Debug|Any CPU
		Release|Any CPU = Release|Any CPU
		Debug|iPhoneSimulator = Debug|iPhoneSimulator
		Release|iPhone = Release|iPhone
		Release|iPhoneSimulator = Release|iPhoneSimulator
		Debug|iPhone = Debug|iPhone
	EndGlobalSection
	GlobalSection(ProjectConfigurationPlatforms) = postSolution
		{EEA11279-1DBA-4D0A-9A9F-0DE1FFA17DD1}.Debug|Any CPU.ActiveCfg = Debug|Any CPU
		{EEA11279-1DBA-4D0A-9A9F-0DE1FFA17DD1}.Debug|Any CPU.Build.0 = Debug|Any CPU
		{EEA11279-1DBA-4D0A-9A9F-0DE1FFA17DD1}.Release|Any CPU.ActiveCfg = Release|Any CPU
		{EEA11279-1DBA-4D0A-9A9F-0DE1FFA17DD1}.Release|Any CPU.Build.0 = Release|Any CPU
		{EEA11279-1DBA-4D0A-9A9F-0DE1FFA17DD1}.Debug|iPhoneSimulator.ActiveCfg = Debug|Any CPU
		{EEA11279-1DBA-4D0A-9A9F-0DE1FFA17DD1}.Debug|iPhoneSimulator.Build.0 = Debug|Any CPU
		{EEA11279-1DBA-4D0A-9A9F-0DE1FFA17DD1}.Release|iPhone.ActiveCfg = Release|Any CPU
		{EEA11279-1DBA-4D0A-9A9F-0DE1FFA17DD1}.Release|iPhone.Build.0 = Release|Any CPU
		{EEA11279-1DBA-4D0A-9A9F-0DE1FFA17DD1}.Release|iPhoneSimulator.ActiveCfg = Release|Any CPU
		{EEA11279-1DBA-4D0A-9A9F-0DE1FFA17DD1}.Release|iPhoneSimulator.Build.0 = Release|Any CPU
		{EEA11279-1DBA-4D0A-9A9F-0DE1FFA17DD1}.Debug|iPhone.ActiveCfg = Debug|Any CPU
		{EEA11279-1DBA-4D0A-9A9F-0DE1FFA17DD1}.Debug|iPhone.Build.0 = Debug|Any CPU
		{5D242514-1AFB-42C1-A250-86B6A8C1B570}.Debug|Any CPU.ActiveCfg = Debug|iPhoneSimulator
		{5D242514-1AFB-42C1-A250-86B6A8C1B570}.Debug|Any CPU.Build.0 = Debug|iPhoneSimulator
		{5D242514-1AFB-42C1-A250-86B6A8C1B570}.Release|Any CPU.ActiveCfg = Release|iPhone
		{5D242514-1AFB-42C1-A250-86B6A8C1B570}.Release|Any CPU.Build.0 = Release|iPhone
		{5D242514-1AFB-42C1-A250-86B6A8C1B570}.Debug|iPhoneSimulator.ActiveCfg = Debug|iPhoneSimulator
		{5D242514-1AFB-42C1-A250-86B6A8C1B570}.Debug|iPhoneSimulator.Build.0 = Debug|iPhoneSimulator
		{5D242514-1AFB-42C1-A250-86B6A8C1B570}.Release|iPhone.ActiveCfg = Release|iPhone
		{5D242514-1AFB-42C1-A250-86B6A8C1B570}.Release|iPhone.Build.0 = Release|iPhone
		{5D242514-1AFB-42C1-A250-86B6A8C1B570}.Release|iPhoneSimulator.ActiveCfg = Release|iPhoneSimulator
		{5D242514-1AFB-42C1-A250-86B6A8C1B570}.Release|iPhoneSimulator.Build.0 = Release|iPhoneSimulator
		{5D242514-1AFB-42C1-A250-86B6A8C1B570}.Debug|iPhone.ActiveCfg = Debug|iPhone
		{5D242514-1AFB-42C1-A250-86B6A8C1B570}.Debug|iPhone.Build.0 = Debug|iPhone
		{76D1F69D-AA2A-41E2-AEBC-9F16670EB8E7}.Debug|Any CPU.ActiveCfg = Debug|Any CPU
		{76D1F69D-AA2A-41E2-AEBC-9F16670EB8E7}.Debug|Any CPU.Build.0 = Debug|Any CPU
		{76D1F69D-AA2A-41E2-AEBC-9F16670EB8E7}.Release|Any CPU.ActiveCfg = Release|Any CPU
		{76D1F69D-AA2A-41E2-AEBC-9F16670EB8E7}.Release|Any CPU.Build.0 = Release|Any CPU
		{76D1F69D-AA2A-41E2-AEBC-9F16670EB8E7}.Debug|iPhoneSimulator.ActiveCfg = Debug|Any CPU
		{76D1F69D-AA2A-41E2-AEBC-9F16670EB8E7}.Debug|iPhoneSimulator.Build.0 = Debug|Any CPU
		{76D1F69D-AA2A-41E2-AEBC-9F16670EB8E7}.Release|iPhone.ActiveCfg = Release|Any CPU
		{76D1F69D-AA2A-41E2-AEBC-9F16670EB8E7}.Release|iPhone.Build.0 = Release|Any CPU
		{76D1F69D-AA2A-41E2-AEBC-9F16670EB8E7}.Release|iPhoneSimulator.ActiveCfg = Release|Any CPU
		{76D1F69D-AA2A-41E2-AEBC-9F16670EB8E7}.Release|iPhoneSimulator.Build.0 = Release|Any CPU
		{76D1F69D-AA2A-41E2-AEBC-9F16670EB8E7}.Debug|iPhone.ActiveCfg = Debug|Any CPU
		{76D1F69D-AA2A-41E2-AEBC-9F16670EB8E7}.Debug|iPhone.Build.0 = Debug|Any CPU
	EndGlobalSection
EndGlobal
